
Microsoft Visual Studio Solution File, Format Version 12.00
# Visual Studio Version 17
VisualStudioVersion = 17.8.34330.188
MinimumVisualStudioVersion = 10.0.40219.1
Project("{FAE04EC0-301F-11D3-BF4B-00C04F79EFBC}") = "testApp", "testApp.csproj", "{381A7669-66F1-45AD-AA23-221071972AAB}"
EndProject
Global
	GlobalSection(SolutionConfigurationPlatforms) = preSolution
		Debug|Any CPU = Debug|Any CPU
		Release|Any CPU = Release|Any CPU
	EndGlobalSection
	GlobalSection(ProjectConfigurationPlatforms) = postSolution
		{381A7669-66F1-45AD-AA23-221071972AAB}.Debug|Any CPU.ActiveCfg = Debug|Any CPU
		{381A7669-66F1-45AD-AA23-221071972AAB}.Debug|Any CPU.Build.0 = Debug|Any CPU
		{381A7669-66F1-45AD-AA23-221071972AAB}.Debug|Any CPU.Deploy.0 = Debug|Any CPU
		{381A7669-66F1-45AD-AA23-221071972AAB}.Release|Any CPU.ActiveCfg = Release|Any CPU
		{381A7669-66F1-45AD-AA23-221071972AAB}.Release|Any CPU.Build.0 = Release|Any CPU
		{381A7669-66F1-45AD-AA23-221071972AAB}.Release|Any CPU.Deploy.0 = Release|Any CPU
	EndGlobalSection
	GlobalSection(SolutionProperties) = preSolution
		HideSolutionNode = FALSE
	EndGlobalSection
	GlobalSection(ExtensibilityGlobals) = postSolution
		SolutionGuid = {4E6B7E38-0B48-4152-B775-627191B4BD05}
	EndGlobalSection
EndGlobal
